
Microsoft Visual Studio Solution File, Format Version 12.00
# Visual Studio Version 16
VisualStudioVersion = 25.0.1706.4
MinimumVisualStudioVersion = 10.0.40219.1
Project("{FAE04EC0-301F-11D3-BF4B-00C04F79EFBC}") = "ITCS2023_CodeWeek", "ITCS2023_CodeWeek\ITCS2023_CodeWeek.csproj", "{7069064A-D374-4FDC-8C7F-8DF41E108ED6}"
EndProject
Project("{FAE04EC0-301F-11D3-BF4B-00C04F79EFBC}") = "Variables", "Variables\Variables.csproj", "{3EF319BF-065F-482B-9A34-39E45CC94AE7}"
EndProject
Project("{FAE04EC0-301F-11D3-BF4B-00C04F79EFBC}") = "ControlStatements", "ControlStatements\ControlStatements.csproj", "{6E000898-04E0-4233-B408-C280608D63E0}"
EndProject
Project("{FAE04EC0-301F-11D3-BF4B-00C04F79EFBC}") = "MathematicalCalculations", "MathematicalCalculations\MathematicalCalculations.csproj", "{D88C1F01-B33D-41B1-928A-78ACE4AE3573}"
EndProject
Global
	GlobalSection(SolutionConfigurationPlatforms) = preSolution
		Debug|Any CPU = Debug|Any CPU
		Release|Any CPU = Release|Any CPU
	EndGlobalSection
	GlobalSection(ProjectConfigurationPlatforms) = postSolution
		{7069064A-D374-4FDC-8C7F-8DF41E108ED6}.Debug|Any CPU.ActiveCfg = Debug|Any CPU
		{7069064A-D374-4FDC-8C7F-8DF41E108ED6}.Debug|Any CPU.Build.0 = Debug|Any CPU
		{7069064A-D374-4FDC-8C7F-8DF41E108ED6}.Release|Any CPU.ActiveCfg = Release|Any CPU
		{7069064A-D374-4FDC-8C7F-8DF41E108ED6}.Release|Any CPU.Build.0 = Release|Any CPU
		{3EF319BF-065F-482B-9A34-39E45CC94AE7}.Debug|Any CPU.ActiveCfg = Debug|Any CPU
		{3EF319BF-065F-482B-9A34-39E45CC94AE7}.Debug|Any CPU.Build.0 = Debug|Any CPU
		{3EF319BF-065F-482B-9A34-39E45CC94AE7}.Release|Any CPU.ActiveCfg = Release|Any CPU
		{3EF319BF-065F-482B-9A34-39E45CC94AE7}.Release|Any CPU.Build.0 = Release|Any CPU
		{6E000898-04E0-4233-B408-C280608D63E0}.Debug|Any CPU.ActiveCfg = Debug|Any CPU
		{6E000898-04E0-4233-B408-C280608D63E0}.Debug|Any CPU.Build.0 = Debug|Any CPU
		{6E000898-04E0-4233-B408-C280608D63E0}.Release|Any CPU.ActiveCfg = Release|Any CPU
		{6E000898-04E0-4233-B408-C280608D63E0}.Release|Any CPU.Build.0 = Release|Any CPU
		{D88C1F01-B33D-41B1-928A-78ACE4AE3573}.Debug|Any CPU.ActiveCfg = Debug|Any CPU
		{D88C1F01-B33D-41B1-928A-78ACE4AE3573}.Debug|Any CPU.Build.0 = Debug|Any CPU
		{D88C1F01-B33D-41B1-928A-78ACE4AE3573}.Release|Any CPU.ActiveCfg = Release|Any CPU
		{D88C1F01-B33D-41B1-928A-78ACE4AE3573}.Release|Any CPU.Build.0 = Release|Any CPU
	EndGlobalSection
	GlobalSection(SolutionProperties) = preSolution
		HideSolutionNode = FALSE
	EndGlobalSection
	GlobalSection(ExtensibilityGlobals) = postSolution
		SolutionGuid = {98A5B8F1-6688-4DBA-A20E-B83DBC318125}
	EndGlobalSection
EndGlobal
